
Microsoft Visual Studio Solution File, Format Version 12.00
# Visual Studio Version 17
VisualStudioVersion = 17.6.33723.286
MinimumVisualStudioVersion = 10.0.40219.1
Project("{FAE04EC0-301F-11D3-BF4B-00C04F79EFBC}") = "generateurdemotdepasse", "generateurdemotdepasse\generateurdemotdepasse.csproj", "{1E28B65B-0ADB-4032-AD76-F091A1D2C923}"
EndProject
Global
	GlobalSection(SolutionConfigurationPlatforms) = preSolution
		Debug|Any CPU = Debug|Any CPU
		Release|Any CPU = Release|Any CPU
	EndGlobalSection
	GlobalSection(ProjectConfigurationPlatforms) = postSolution
		{1E28B65B-0ADB-4032-AD76-F091A1D2C923}.Debug|Any CPU.ActiveCfg = Debug|Any CPU
		{1E28B65B-0ADB-4032-AD76-F091A1D2C923}.Debug|Any CPU.Build.0 = Debug|Any CPU
		{1E28B65B-0ADB-4032-AD76-F091A1D2C923}.Release|Any CPU.ActiveCfg = Release|Any CPU
		{1E28B65B-0ADB-4032-AD76-F091A1D2C923}.Release|Any CPU.Build.0 = Release|Any CPU
	EndGlobalSection
	GlobalSection(SolutionProperties) = preSolution
		HideSolutionNode = FALSE
	EndGlobalSection
	GlobalSection(ExtensibilityGlobals) = postSolution
		SolutionGuid = {82D4542E-252B-49DD-894B-FE42F66A88BA}
	EndGlobalSection
EndGlobal
